
Microsoft Visual Studio Solution File, Format Version 12.00
# Visual Studio Version 16
VisualStudioVersion = 16.0.31019.35
MinimumVisualStudioVersion = 10.0.40219.1
Project("{9A19103F-16F7-4668-BE54-9A1E7A4F7556}") = "MeetGroupAPI", "MeetGroupAPI.csproj", "{78A204A9-1E1E-4B1E-8FAD-794B4E3F00EF}"
EndProject
Global
	GlobalSection(SolutionConfigurationPlatforms) = preSolution
		Debug|Any CPU = Debug|Any CPU
		Release|Any CPU = Release|Any CPU
	EndGlobalSection
	GlobalSection(ProjectConfigurationPlatforms) = postSolution
		{78A204A9-1E1E-4B1E-8FAD-794B4E3F00EF}.Debug|Any CPU.ActiveCfg = Debug|Any CPU
		{78A204A9-1E1E-4B1E-8FAD-794B4E3F00EF}.Debug|Any CPU.Build.0 = Debug|Any CPU
		{78A204A9-1E1E-4B1E-8FAD-794B4E3F00EF}.Release|Any CPU.ActiveCfg = Release|Any CPU
		{78A204A9-1E1E-4B1E-8FAD-794B4E3F00EF}.Release|Any CPU.Build.0 = Release|Any CPU
	EndGlobalSection
	GlobalSection(SolutionProperties) = preSolution
		HideSolutionNode = FALSE
	EndGlobalSection
	GlobalSection(ExtensibilityGlobals) = postSolution
		SolutionGuid = {A135F8C8-8D31-48A0-A3C2-9EFE6496DB8F}
	EndGlobalSection
EndGlobal
